
Microsoft Visual Studio Solution File, Format Version 12.00
# Visual Studio 14
VisualStudioVersion = 14.0.25420.1
MinimumVisualStudioVersion = 10.0.40219.1
Project("{2150E333-8FDC-42A3-9474-1A3956D46DE8}") = "01 kintamieji", "01 kintamieji", "{35F032B1-518A-4CE2-801F-45515F970DA1}"
EndProject
Project("{2150E333-8FDC-42A3-9474-1A3956D46DE8}") = "02 isvedimas", "02 isvedimas", "{F6142A5D-7CFE-4BFB-9EF0-C16012D1BEA4}"
EndProject
Project("{2150E333-8FDC-42A3-9474-1A3956D46DE8}") = "03 aritmetiniai veiksmai", "03 aritmetiniai veiksmai", "{C7FB7EE8-99F4-4028-910C-ADC384760B4A}"
EndProject
Project("{2150E333-8FDC-42A3-9474-1A3956D46DE8}") = "04 ivedimas", "04 ivedimas", "{F149BCC0-8A82-4F07-ABA9-4D5EBE6AB0CB}"
EndProject
Project("{FAE04EC0-301F-11D3-BF4B-00C04F79EFBC}") = "1-1 uzduotis", "1-1 uzduotis\1-1 uzduotis.csproj", "{BC7E85E8-C9EB-42D8-BE82-C0D4008838BC}"
EndProject
Project("{FAE04EC0-301F-11D3-BF4B-00C04F79EFBC}") = "2-1 uzduotis", "2-1 uzduotis\2-1 uzduotis.csproj", "{ADD7C9A3-A27A-40B4-A1B5-C249A96A355E}"
EndProject
Project("{FAE04EC0-301F-11D3-BF4B-00C04F79EFBC}") = "2-2 uzduotis", "2-2 uzduotis\2-2 uzduotis.csproj", "{D5085D2C-80B2-466B-898D-E6BA3F7B876A}"
EndProject
Project("{FAE04EC0-301F-11D3-BF4B-00C04F79EFBC}") = "2-3 uzduotis", "2-3 uzduotis\2-3 uzduotis.csproj", "{8EFC6D53-E6E9-48B1-84DC-260A6945D60A}"
EndProject
Project("{FAE04EC0-301F-11D3-BF4B-00C04F79EFBC}") = "2-4 uzduotis", "2-4 uzduotis\2-4 uzduotis.csproj", "{84FE9DE3-042A-48A9-B50E-DB8681B43D93}"
EndProject
Project("{FAE04EC0-301F-11D3-BF4B-00C04F79EFBC}") = "2-5 uzduotis", "2-5 uzduotis\2-5 uzduotis.csproj", "{56DBBA70-DD86-44C0-BA26-77A31335C11A}"
EndProject
Project("{FAE04EC0-301F-11D3-BF4B-00C04F79EFBC}") = "2-6uzduotis", "2-6uzduotis\2-6uzduotis.csproj", "{B1F22480-302A-4BA9-996D-A185E3781EB1}"
EndProject
Project("{FAE04EC0-301F-11D3-BF4B-00C04F79EFBC}") = "3-1uzduotis", "3-1uzduotis\3-1uzduotis.csproj", "{DA71C404-FE7D-4B16-8A92-1234EC387D0F}"
EndProject
Project("{FAE04EC0-301F-11D3-BF4B-00C04F79EFBC}") = "3-2uzduotis", "3-2uzduotis\3-2uzduotis.csproj", "{F7293665-BC00-4187-9BB2-095EF5BF7B48}"
EndProject
Project("{FAE04EC0-301F-11D3-BF4B-00C04F79EFBC}") = "3-3 uzduotis", "3-3 uzduotis\3-3 uzduotis.csproj", "{685C6B04-6D71-44DB-8E1A-EC32D2B37976}"
EndProject
Project("{FAE04EC0-301F-11D3-BF4B-00C04F79EFBC}") = "3-4 uzduotis", "3-4 uzduotis\3-4 uzduotis.csproj", "{19FA1E25-58A5-4DA1-A3F4-F0F61C45B181}"
EndProject
Project("{FAE04EC0-301F-11D3-BF4B-00C04F79EFBC}") = "3-5uzduotis", "3-5uzduotis\3-5uzduotis.csproj", "{3453807F-7FB6-4C96-B9AF-E11F778AAE32}"
EndProject
Project("{FAE04EC0-301F-11D3-BF4B-00C04F79EFBC}") = "3-6uzduotis", "3-6uzduotis\3-6uzduotis.csproj", "{9CBDF7BA-D99F-4C51-A46B-5DD107C14CB9}"
EndProject
Project("{FAE04EC0-301F-11D3-BF4B-00C04F79EFBC}") = "4 pasibandymai", "4 pasibandymai\4 pasibandymai.csproj", "{30F3656E-9790-49C9-AB78-54F3888804DD}"
EndProject
Project("{FAE04EC0-301F-11D3-BF4B-00C04F79EFBC}") = "4-1 uzduotis", "4-1 uzduotis\4-1 uzduotis.csproj", "{25C8A4C7-4162-4964-A6D5-AF0D797FDF64}"
EndProject
Project("{FAE04EC0-301F-11D3-BF4B-00C04F79EFBC}") = "4-2 uzduotis", "4-2 uzduotis\4-2 uzduotis.csproj", "{3B5EEA8C-FE44-471F-B7CB-9B96A25C9932}"
EndProject
Project("{FAE04EC0-301F-11D3-BF4B-00C04F79EFBC}") = "4-3uzduotis", "ConsoleApplication1\4-3uzduotis.csproj", "{9E7D0F54-1E74-4259-91E9-BC8FD1CFB046}"
EndProject
Project("{FAE04EC0-301F-11D3-BF4B-00C04F79EFBC}") = "4-4 uzduotis", "4-4 uzduotis\4-4 uzduotis.csproj", "{B20F754F-648B-473A-965E-3CFDD3C9A4E5}"
EndProject
Project("{FAE04EC0-301F-11D3-BF4B-00C04F79EFBC}") = "4-5 uzduotis", "4-5 uzduotis\4-5 uzduotis.csproj", "{93076011-5498-4BD1-A296-9F46F18E4702}"
EndProject
Project("{FAE04EC0-301F-11D3-BF4B-00C04F79EFBC}") = "4-6 uzduotis", "4-6 uzduotis\4-6 uzduotis.csproj", "{0D0D943C-F38F-4C7A-98F8-F9257046B473}"
EndProject
Project("{FAE04EC0-301F-11D3-BF4B-00C04F79EFBC}") = "4-7 uzduotis", "4-7 uzduotis\4-7 uzduotis.csproj", "{8DFECFB8-7C4A-43C3-B437-32D970A35B51}"
EndProject
Project("{2150E333-8FDC-42A3-9474-1A3956D46DE8}") = "05 if", "05 if", "{3A482353-E12F-49C9-A2F1-DDE3DAB54970}"
EndProject
Project("{FAE04EC0-301F-11D3-BF4B-00C04F79EFBC}") = "5-1 uzduotis", "5-1 uzduotis\5-1 uzduotis.csproj", "{EC5E8DE9-2E95-4B28-AC64-DEFFA57B015D}"
EndProject
Project("{FAE04EC0-301F-11D3-BF4B-00C04F79EFBC}") = "5-2 uzduotis", "5-2 uzduotis\5-2 uzduotis.csproj", "{B8B56D7A-64D5-4414-BCC8-FEB225AEA9E9}"
EndProject
Project("{FAE04EC0-301F-11D3-BF4B-00C04F79EFBC}") = "5-3 uzduotis", "5-3 uzduotis\5-3 uzduotis.csproj", "{2BDC5E49-644D-4AD7-9787-629C69654DF9}"
EndProject
Project("{FAE04EC0-301F-11D3-BF4B-00C04F79EFBC}") = "5-4 uzduotis", "5-4 uzduotis\5-4 uzduotis.csproj", "{ABF7F824-16CE-45B6-8BC3-F082BB9F78F9}"
EndProject
Project("{2150E333-8FDC-42A3-9474-1A3956D46DE8}") = "06 else - if", "06 else - if", "{4E9B8B67-BAAE-4937-9F0F-A80589A151B7}"
EndProject
Project("{FAE04EC0-301F-11D3-BF4B-00C04F79EFBC}") = "6-3 uzduotis", "6-2 uzduotis\6-3 uzduotis.csproj", "{EE7B6499-7218-4D3D-BBD1-469DD5AC6E40}"
EndProject
Project("{FAE04EC0-301F-11D3-BF4B-00C04F79EFBC}") = "6-2 uzduotis", "6-2_ uzduotis\6-2 uzduotis.csproj", "{04F8D76D-30BD-41BD-8E14-7C5E310A1DD1}"
EndProject
Project("{FAE04EC0-301F-11D3-BF4B-00C04F79EFBC}") = "6-1 uzduotis", "6-1 uzduotis\6-1 uzduotis.csproj", "{8992F599-9C00-401F-984F-1A62D936F499}"
EndProject
Project("{FAE04EC0-301F-11D3-BF4B-00C04F79EFBC}") = "6-4 uzduotis", "6-4 uzduotis\6-4 uzduotis.csproj", "{45273B72-2EBD-4511-A357-32EFA745705A}"
EndProject
Project("{2150E333-8FDC-42A3-9474-1A3956D46DE8}") = "07 else", "07 else", "{90C3ED07-B656-4B49-B290-1C13DD1939A4}"
EndProject
Project("{FAE04EC0-301F-11D3-BF4B-00C04F79EFBC}") = "7 bandymai", "7 bandymai\7 bandymai.csproj", "{E12A7769-3846-4FA8-BA36-B5EE37837B9C}"
EndProject
Project("{FAE04EC0-301F-11D3-BF4B-00C04F79EFBC}") = "7-1 uzduotis", "7-1 uzduotis\7-1 uzduotis.csproj", "{00667910-AC6C-4170-9827-6774B22C43F9}"
EndProject
Project("{FAE04EC0-301F-11D3-BF4B-00C04F79EFBC}") = "7-2 uzduotis", "7-2 uzduotis\7-2 uzduotis.csproj", "{D2600208-FBAF-4550-8240-4C53B9E00FE0}"
EndProject
Project("{2150E333-8FDC-42A3-9474-1A3956D46DE8}") = "08 if operatoriai", "08 if operatoriai", "{16E3DC17-5B0C-48F2-B598-2C0050551C91}"
EndProject
Project("{FAE04EC0-301F-11D3-BF4B-00C04F79EFBC}") = "8-1 uzduotis", "8-1 uzduotis\8-1 uzduotis.csproj", "{DB6E351E-B538-4A2C-AA64-9B51BD92940C}"
EndProject
Project("{FAE04EC0-301F-11D3-BF4B-00C04F79EFBC}") = "8-2 uzduotis", "8-2 uzduotis\8-2 uzduotis.csproj", "{998525AE-A65C-4D15-B2DD-317AFFA50436}"
EndProject
Project("{FAE04EC0-301F-11D3-BF4B-00C04F79EFBC}") = "8-3 uzduotis", "8-3 uzduotis\8-3 uzduotis.csproj", "{F128BAEF-68F2-4228-B969-7F0E713BA982}"
EndProject
Project("{FAE04EC0-301F-11D3-BF4B-00C04F79EFBC}") = "8-4 uzduotis", "8-4 uzduotis\8-4 uzduotis.csproj", "{5EA95C95-D5A0-414E-A83A-4D50284F9C8F}"
EndProject
Project("{2150E333-8FDC-42A3-9474-1A3956D46DE8}") = "09 switch", "09 switch", "{40639A6F-EBEC-4915-B66C-402FAB42ED13}"
EndProject
Project("{FAE04EC0-301F-11D3-BF4B-00C04F79EFBC}") = "9-1 uzduotis", "9-1 uzduotis\9-1 uzduotis.csproj", "{47F1B1A3-B0DA-4074-A636-0FAB8056877F}"
EndProject
Project("{FAE04EC0-301F-11D3-BF4B-00C04F79EFBC}") = "9-2 uzduotis", "9-2 uzduotis\9-2 uzduotis.csproj", "{12BB8C73-1E31-4F5B-9D23-EB153ABDE7D6}"
EndProject
Project("{FAE04EC0-301F-11D3-BF4B-00C04F79EFBC}") = "9-3 uzduotis", "9-3 uzduotis\9-3 uzduotis.csproj", "{8924E8AA-6577-4153-A481-F54960B29D41}"
EndProject
Project("{FAE04EC0-301F-11D3-BF4B-00C04F79EFBC}") = "9-4 uzduotis", "9-4 uzduotis\9-4 uzduotis.csproj", "{779E1AC5-2E10-4E1F-A267-2089247E6A97}"
EndProject
Project("{FAE04EC0-301F-11D3-BF4B-00C04F79EFBC}") = "9 tarpine", "9 tarpine\9 tarpine.csproj", "{9C4BA66A-535F-4231-B064-5898D337FE97}"
EndProject
Project("{FAE04EC0-301F-11D3-BF4B-00C04F79EFBC}") = "papildomos", "papildomos\papildomos.csproj", "{76C2A646-7FB4-490B-9428-187D409DC258}"
EndProject
Project("{2150E333-8FDC-42A3-9474-1A3956D46DE8}") = "11 ciklas for", "11 ciklas for", "{67A2636D-5B20-43B5-A075-49FF81E5AC68}"
EndProject
Project("{FAE04EC0-301F-11D3-BF4B-00C04F79EFBC}") = "11 pavyzdziai", "11 pavyzdziai\11 pavyzdziai.csproj", "{3B352F22-FD5D-453D-8314-7D25A902056C}"
EndProject
Project("{FAE04EC0-301F-11D3-BF4B-00C04F79EFBC}") = "11-2 uzduotis", "11-2 uzduotis\11-2 uzduotis.csproj", "{AE519968-3820-48A0-AC17-74BBE6157819}"
EndProject
Project("{FAE04EC0-301F-11D3-BF4B-00C04F79EFBC}") = "11-3 uzduotis", "11-3 uzduotis\11-3 uzduotis.csproj", "{1AA5179C-655D-4257-A7B2-E4DE9A10977F}"
EndProject
Project("{2150E333-8FDC-42A3-9474-1A3956D46DE8}") = "10 tarpine", "10 tarpine", "{5528E063-8066-472C-9A54-B460AB4EB67A}"
EndProject
Project("{FAE04EC0-301F-11D3-BF4B-00C04F79EFBC}") = "11-4 uzduotis", "11-4 uzduotis\11-4 uzduotis.csproj", "{06112F4B-38F8-4E30-B544-8A3BA4BA0416}"
EndProject
Project("{FAE04EC0-301F-11D3-BF4B-00C04F79EFBC}") = "11-5 uzduotis", "11-5 uzduotis\11-5 uzduotis.csproj", "{AA9F6AD5-F58F-4FA7-B756-EB85CDAF28CD}"
EndProject
Project("{FAE04EC0-301F-11D3-BF4B-00C04F79EFBC}") = "11-6 uzduotis", "11-6 uzduotis\11-6 uzduotis.csproj", "{36B99471-6E6A-467C-BA12-BB75DD5E2B1F}"
EndProject
Project("{FAE04EC0-301F-11D3-BF4B-00C04F79EFBC}") = "11-7 uzduotis", "11-7 uzduotis\11-7 uzduotis.csproj", "{9847170E-D923-4A55-B705-B90C45CFEBAF}"
EndProject
Project("{FAE04EC0-301F-11D3-BF4B-00C04F79EFBC}") = "11-8 uzduotis", "11-8\11-8 uzduotis.csproj", "{01325319-124B-4D22-9D23-D006902818D5}"
EndProject
Project("{FAE04EC0-301F-11D3-BF4B-00C04F79EFBC}") = "11-9 uzduotis", "11-9 uzduotis\11-9 uzduotis.csproj", "{981BC564-0D95-4596-A9AA-7D83FC8F44C0}"
EndProject
Project("{FAE04EC0-301F-11D3-BF4B-00C04F79EFBC}") = "11-10 uzduotis", "11-10 uzduotis\11-10 uzduotis.csproj", "{27B4CE49-3A00-4185-884E-3C6A1C9258D1}"
EndProject
Project("{FAE04EC0-301F-11D3-BF4B-00C04F79EFBC}") = "11-11 uzduotis", "11-11 uzduotis\11-11 uzduotis.csproj", "{CB0625D5-FB3C-4DB9-95C5-24735DAE1F9F}"
EndProject
Project("{FAE04EC0-301F-11D3-BF4B-00C04F79EFBC}") = "11-12 uzduotis", "11-12 uzduotis\11-12 uzduotis.csproj", "{D9A849E2-1BC8-4B6F-AA8B-F67793210469}"
EndProject
Project("{FAE04EC0-301F-11D3-BF4B-00C04F79EFBC}") = "bandymai", "bandymai\bandymai.csproj", "{FF43EB33-95F4-4482-9D6F-9735ADB30A76}"
EndProject
Project("{2150E333-8FDC-42A3-9474-1A3956D46DE8}") = "12 while", "12 while", "{45AD5265-8D6C-4F24-96CD-A936C9016557}"
EndProject
Project("{FAE04EC0-301F-11D3-BF4B-00C04F79EFBC}") = "12-1 uzduotis", "12-1 uzduotis\12-1 uzduotis.csproj", "{98C2BF80-D17C-450A-9496-DD2E387A6CF5}"
EndProject
Project("{FAE04EC0-301F-11D3-BF4B-00C04F79EFBC}") = "12-2 uzduotis", "12-2 uzduotis\12-2 uzduotis.csproj", "{26E71D7E-4F96-4AFD-950E-E6236CEB5963}"
EndProject
Project("{FAE04EC0-301F-11D3-BF4B-00C04F79EFBC}") = "12-3 uzduotis", "12-3 uzduotis\12-3 uzduotis.csproj", "{4F1C697A-F95E-45A1-AB45-AD01DEB00725}"
EndProject
Project("{FAE04EC0-301F-11D3-BF4B-00C04F79EFBC}") = "12-4 uzduotis", "12-4 uzduotis\12-4 uzduotis.csproj", "{D0403C8B-29C8-4D2D-ACA2-D08547B3C111}"
EndProject
Project("{FAE04EC0-301F-11D3-BF4B-00C04F79EFBC}") = "12-5 uzduotis", "12-5 uzduotis\12-5 uzduotis.csproj", "{756314C3-4FE7-4690-ACD4-01B3E0465152}"
EndProject
Project("{FAE04EC0-301F-11D3-BF4B-00C04F79EFBC}") = "12-6 uzduotis", "12-6 uzduotis\12-6 uzduotis.csproj", "{22FED6D2-D63D-4C95-A005-78841559C040}"
EndProject
Project("{2150E333-8FDC-42A3-9474-1A3956D46DE8}") = "13 do while", "13 do while", "{EB10DB0A-BD6E-4824-8C78-4B3C4CD77844}"
EndProject
Project("{FAE04EC0-301F-11D3-BF4B-00C04F79EFBC}") = "13-1 uzduotis", "13-1 uzduotis\13-1 uzduotis.csproj", "{A49321F6-5763-4EAE-9A46-AB7ACAC8AF80}"
EndProject
Project("{2150E333-8FDC-42A3-9474-1A3956D46DE8}") = "14 tarpine", "14 tarpine", "{8A18B346-C520-4D74-A28C-AA24FA603743}"
EndProject
Project("{FAE04EC0-301F-11D3-BF4B-00C04F79EFBC}") = "tarpine", "tarpine\tarpine.csproj", "{C18470A6-9C82-49B2-AB6F-428A672FA0BA}"
EndProject
Global
	GlobalSection(SolutionConfigurationPlatforms) = preSolution
		Debug|Any CPU = Debug|Any CPU
		Release|Any CPU = Release|Any CPU
	EndGlobalSection
	GlobalSection(ProjectConfigurationPlatforms) = postSolution
		{BC7E85E8-C9EB-42D8-BE82-C0D4008838BC}.Debug|Any CPU.ActiveCfg = Debug|Any CPU
		{BC7E85E8-C9EB-42D8-BE82-C0D4008838BC}.Debug|Any CPU.Build.0 = Debug|Any CPU
		{BC7E85E8-C9EB-42D8-BE82-C0D4008838BC}.Release|Any CPU.ActiveCfg = Release|Any CPU
		{BC7E85E8-C9EB-42D8-BE82-C0D4008838BC}.Release|Any CPU.Build.0 = Release|Any CPU
		{ADD7C9A3-A27A-40B4-A1B5-C249A96A355E}.Debug|Any CPU.ActiveCfg = Debug|Any CPU
		{ADD7C9A3-A27A-40B4-A1B5-C249A96A355E}.Debug|Any CPU.Build.0 = Debug|Any CPU
		{ADD7C9A3-A27A-40B4-A1B5-C249A96A355E}.Release|Any CPU.ActiveCfg = Release|Any CPU
		{ADD7C9A3-A27A-40B4-A1B5-C249A96A355E}.Release|Any CPU.Build.0 = Release|Any CPU
		{D5085D2C-80B2-466B-898D-E6BA3F7B876A}.Debug|Any CPU.ActiveCfg = Debug|Any CPU
		{D5085D2C-80B2-466B-898D-E6BA3F7B876A}.Debug|Any CPU.Build.0 = Debug|Any CPU
		{D5085D2C-80B2-466B-898D-E6BA3F7B876A}.Release|Any CPU.ActiveCfg = Release|Any CPU
		{D5085D2C-80B2-466B-898D-E6BA3F7B876A}.Release|Any CPU.Build.0 = Release|Any CPU
		{8EFC6D53-E6E9-48B1-84DC-260A6945D60A}.Debug|Any CPU.ActiveCfg = Debug|Any CPU
		{8EFC6D53-E6E9-48B1-84DC-260A6945D60A}.Debug|Any CPU.Build.0 = Debug|Any CPU
		{8EFC6D53-E6E9-48B1-84DC-260A6945D60A}.Release|Any CPU.ActiveCfg = Release|Any CPU
		{8EFC6D53-E6E9-48B1-84DC-260A6945D60A}.Release|Any CPU.Build.0 = Release|Any CPU
		{84FE9DE3-042A-48A9-B50E-DB8681B43D93}.Debug|Any CPU.ActiveCfg = Debug|Any CPU
		{84FE9DE3-042A-48A9-B50E-DB8681B43D93}.Debug|Any CPU.Build.0 = Debug|Any CPU
		{84FE9DE3-042A-48A9-B50E-DB8681B43D93}.Release|Any CPU.ActiveCfg = Release|Any CPU
		{84FE9DE3-042A-48A9-B50E-DB8681B43D93}.Release|Any CPU.Build.0 = Release|Any CPU
		{56DBBA70-DD86-44C0-BA26-77A31335C11A}.Debug|Any CPU.ActiveCfg = Debug|Any CPU
		{56DBBA70-DD86-44C0-BA26-77A31335C11A}.Debug|Any CPU.Build.0 = Debug|Any CPU
		{56DBBA70-DD86-44C0-BA26-77A31335C11A}.Release|Any CPU.ActiveCfg = Release|Any CPU
		{56DBBA70-DD86-44C0-BA26-77A31335C11A}.Release|Any CPU.Build.0 = Release|Any CPU
		{B1F22480-302A-4BA9-996D-A185E3781EB1}.Debug|Any CPU.ActiveCfg = Debug|Any CPU
		{B1F22480-302A-4BA9-996D-A185E3781EB1}.Debug|Any CPU.Build.0 = Debug|Any CPU
		{B1F22480-302A-4BA9-996D-A185E3781EB1}.Release|Any CPU.ActiveCfg = Release|Any CPU
		{B1F22480-302A-4BA9-996D-A185E3781EB1}.Release|Any CPU.Build.0 = Release|Any CPU
		{DA71C404-FE7D-4B16-8A92-1234EC387D0F}.Debug|Any CPU.ActiveCfg = Debug|Any CPU
		{DA71C404-FE7D-4B16-8A92-1234EC387D0F}.Debug|Any CPU.Build.0 = Debug|Any CPU
		{DA71C404-FE7D-4B16-8A92-1234EC387D0F}.Release|Any CPU.ActiveCfg = Release|Any CPU
		{DA71C404-FE7D-4B16-8A92-1234EC387D0F}.Release|Any CPU.Build.0 = Release|Any CPU
		{F7293665-BC00-4187-9BB2-095EF5BF7B48}.Debug|Any CPU.ActiveCfg = Debug|Any CPU
		{F7293665-BC00-4187-9BB2-095EF5BF7B48}.Debug|Any CPU.Build.0 = Debug|Any CPU
		{F7293665-BC00-4187-9BB2-095EF5BF7B48}.Release|Any CPU.ActiveCfg = Release|Any CPU
		{F7293665-BC00-4187-9BB2-095EF5BF7B48}.Release|Any CPU.Build.0 = Release|Any CPU
		{685C6B04-6D71-44DB-8E1A-EC32D2B37976}.Debug|Any CPU.ActiveCfg = Debug|Any CPU
		{685C6B04-6D71-44DB-8E1A-EC32D2B37976}.Debug|Any CPU.Build.0 = Debug|Any CPU
		{685C6B04-6D71-44DB-8E1A-EC32D2B37976}.Release|Any CPU.ActiveCfg = Release|Any CPU
		{685C6B04-6D71-44DB-8E1A-EC32D2B37976}.Release|Any CPU.Build.0 = Release|Any CPU
		{19FA1E25-58A5-4DA1-A3F4-F0F61C45B181}.Debug|Any CPU.ActiveCfg = Debug|Any CPU
		{19FA1E25-58A5-4DA1-A3F4-F0F61C45B181}.Debug|Any CPU.Build.0 = Debug|Any CPU
		{19FA1E25-58A5-4DA1-A3F4-F0F61C45B181}.Release|Any CPU.ActiveCfg = Release|Any CPU
		{19FA1E25-58A5-4DA1-A3F4-F0F61C45B181}.Release|Any CPU.Build.0 = Release|Any CPU
		{3453807F-7FB6-4C96-B9AF-E11F778AAE32}.Debug|Any CPU.ActiveCfg = Debug|Any CPU
		{3453807F-7FB6-4C96-B9AF-E11F778AAE32}.Debug|Any CPU.Build.0 = Debug|Any CPU
		{3453807F-7FB6-4C96-B9AF-E11F778AAE32}.Release|Any CPU.ActiveCfg = Release|Any CPU
		{3453807F-7FB6-4C96-B9AF-E11F778AAE32}.Release|Any CPU.Build.0 = Release|Any CPU
		{9CBDF7BA-D99F-4C51-A46B-5DD107C14CB9}.Debug|Any CPU.ActiveCfg = Debug|Any CPU
		{9CBDF7BA-D99F-4C51-A46B-5DD107C14CB9}.Debug|Any CPU.Build.0 = Debug|Any CPU
		{9CBDF7BA-D99F-4C51-A46B-5DD107C14CB9}.Release|Any CPU.ActiveCfg = Release|Any CPU
		{9CBDF7BA-D99F-4C51-A46B-5DD107C14CB9}.Release|Any CPU.Build.0 = Release|Any CPU
		{30F3656E-9790-49C9-AB78-54F3888804DD}.Debug|Any CPU.ActiveCfg = Debug|Any CPU
		{30F3656E-9790-49C9-AB78-54F3888804DD}.Debug|Any CPU.Build.0 = Debug|Any CPU
		{30F3656E-9790-49C9-AB78-54F3888804DD}.Release|Any CPU.ActiveCfg = Release|Any CPU
		{30F3656E-9790-49C9-AB78-54F3888804DD}.Release|Any CPU.Build.0 = Release|Any CPU
		{25C8A4C7-4162-4964-A6D5-AF0D797FDF64}.Debug|Any CPU.ActiveCfg = Debug|Any CPU
		{25C8A4C7-4162-4964-A6D5-AF0D797FDF64}.Debug|Any CPU.Build.0 = Debug|Any CPU
		{25C8A4C7-4162-4964-A6D5-AF0D797FDF64}.Release|Any CPU.ActiveCfg = Release|Any CPU
		{25C8A4C7-4162-4964-A6D5-AF0D797FDF64}.Release|Any CPU.Build.0 = Release|Any CPU
		{3B5EEA8C-FE44-471F-B7CB-9B96A25C9932}.Debug|Any CPU.ActiveCfg = Debug|Any CPU
		{3B5EEA8C-FE44-471F-B7CB-9B96A25C9932}.Debug|Any CPU.Build.0 = Debug|Any CPU
		{3B5EEA8C-FE44-471F-B7CB-9B96A25C9932}.Release|Any CPU.ActiveCfg = Release|Any CPU
		{3B5EEA8C-FE44-471F-B7CB-9B96A25C9932}.Release|Any CPU.Build.0 = Release|Any CPU
		{9E7D0F54-1E74-4259-91E9-BC8FD1CFB046}.Debug|Any CPU.ActiveCfg = Debug|Any CPU
		{9E7D0F54-1E74-4259-91E9-BC8FD1CFB046}.Debug|Any CPU.Build.0 = Debug|Any CPU
		{9E7D0F54-1E74-4259-91E9-BC8FD1CFB046}.Release|Any CPU.ActiveCfg = Release|Any CPU
		{9E7D0F54-1E74-4259-91E9-BC8FD1CFB046}.Release|Any CPU.Build.0 = Release|Any CPU
		{B20F754F-648B-473A-965E-3CFDD3C9A4E5}.Debug|Any CPU.ActiveCfg = Debug|Any CPU
		{B20F754F-648B-473A-965E-3CFDD3C9A4E5}.Debug|Any CPU.Build.0 = Debug|Any CPU
		{B20F754F-648B-473A-965E-3CFDD3C9A4E5}.Release|Any CPU.ActiveCfg = Release|Any CPU
		{B20F754F-648B-473A-965E-3CFDD3C9A4E5}.Release|Any CPU.Build.0 = Release|Any CPU
		{93076011-5498-4BD1-A296-9F46F18E4702}.Debug|Any CPU.ActiveCfg = Debug|Any CPU
		{93076011-5498-4BD1-A296-9F46F18E4702}.Debug|Any CPU.Build.0 = Debug|Any CPU
		{93076011-5498-4BD1-A296-9F46F18E4702}.Release|Any CPU.ActiveCfg = Release|Any CPU
		{93076011-5498-4BD1-A296-9F46F18E4702}.Release|Any CPU.Build.0 = Release|Any CPU
		{0D0D943C-F38F-4C7A-98F8-F9257046B473}.Debug|Any CPU.ActiveCfg = Debug|Any CPU
		{0D0D943C-F38F-4C7A-98F8-F9257046B473}.Debug|Any CPU.Build.0 = Debug|Any CPU
		{0D0D943C-F38F-4C7A-98F8-F9257046B473}.Release|Any CPU.ActiveCfg = Release|Any CPU
		{0D0D943C-F38F-4C7A-98F8-F9257046B473}.Release|Any CPU.Build.0 = Release|Any CPU
		{8DFECFB8-7C4A-43C3-B437-32D970A35B51}.Debug|Any CPU.ActiveCfg = Debug|Any CPU
		{8DFECFB8-7C4A-43C3-B437-32D970A35B51}.Debug|Any CPU.Build.0 = Debug|Any CPU
		{8DFECFB8-7C4A-43C3-B437-32D970A35B51}.Release|Any CPU.ActiveCfg = Release|Any CPU
		{8DFECFB8-7C4A-43C3-B437-32D970A35B51}.Release|Any CPU.Build.0 = Release|Any CPU
		{EC5E8DE9-2E95-4B28-AC64-DEFFA57B015D}.Debug|Any CPU.ActiveCfg = Debug|Any CPU
		{EC5E8DE9-2E95-4B28-AC64-DEFFA57B015D}.Debug|Any CPU.Build.0 = Debug|Any CPU
		{EC5E8DE9-2E95-4B28-AC64-DEFFA57B015D}.Release|Any CPU.ActiveCfg = Release|Any CPU
		{EC5E8DE9-2E95-4B28-AC64-DEFFA57B015D}.Release|Any CPU.Build.0 = Release|Any CPU
		{B8B56D7A-64D5-4414-BCC8-FEB225AEA9E9}.Debug|Any CPU.ActiveCfg = Debug|Any CPU
		{B8B56D7A-64D5-4414-BCC8-FEB225AEA9E9}.Debug|Any CPU.Build.0 = Debug|Any CPU
		{B8B56D7A-64D5-4414-BCC8-FEB225AEA9E9}.Release|Any CPU.ActiveCfg = Release|Any CPU
		{B8B56D7A-64D5-4414-BCC8-FEB225AEA9E9}.Release|Any CPU.Build.0 = Release|Any CPU
		{2BDC5E49-644D-4AD7-9787-629C69654DF9}.Debug|Any CPU.ActiveCfg = Debug|Any CPU
		{2BDC5E49-644D-4AD7-9787-629C69654DF9}.Debug|Any CPU.Build.0 = Debug|Any CPU
		{2BDC5E49-644D-4AD7-9787-629C69654DF9}.Release|Any CPU.ActiveCfg = Release|Any CPU
		{2BDC5E49-644D-4AD7-9787-629C69654DF9}.Release|Any CPU.Build.0 = Release|Any CPU
		{ABF7F824-16CE-45B6-8BC3-F082BB9F78F9}.Debug|Any CPU.ActiveCfg = Debug|Any CPU
		{ABF7F824-16CE-45B6-8BC3-F082BB9F78F9}.Debug|Any CPU.Build.0 = Debug|Any CPU
		{ABF7F824-16CE-45B6-8BC3-F082BB9F78F9}.Release|Any CPU.ActiveCfg = Release|Any CPU
		{ABF7F824-16CE-45B6-8BC3-F082BB9F78F9}.Release|Any CPU.Build.0 = Release|Any CPU
		{EE7B6499-7218-4D3D-BBD1-469DD5AC6E40}.Debug|Any CPU.ActiveCfg = Debug|Any CPU
		{EE7B6499-7218-4D3D-BBD1-469DD5AC6E40}.Debug|Any CPU.Build.0 = Debug|Any CPU
		{EE7B6499-7218-4D3D-BBD1-469DD5AC6E40}.Release|Any CPU.ActiveCfg = Release|Any CPU
		{EE7B6499-7218-4D3D-BBD1-469DD5AC6E40}.Release|Any CPU.Build.0 = Release|Any CPU
		{04F8D76D-30BD-41BD-8E14-7C5E310A1DD1}.Debug|Any CPU.ActiveCfg = Debug|Any CPU
		{04F8D76D-30BD-41BD-8E14-7C5E310A1DD1}.Debug|Any CPU.Build.0 = Debug|Any CPU
		{04F8D76D-30BD-41BD-8E14-7C5E310A1DD1}.Release|Any CPU.ActiveCfg = Release|Any CPU
		{04F8D76D-30BD-41BD-8E14-7C5E310A1DD1}.Release|Any CPU.Build.0 = Release|Any CPU
		{8992F599-9C00-401F-984F-1A62D936F499}.Debug|Any CPU.ActiveCfg = Debug|Any CPU
		{8992F599-9C00-401F-984F-1A62D936F499}.Debug|Any CPU.Build.0 = Debug|Any CPU
		{8992F599-9C00-401F-984F-1A62D936F499}.Release|Any CPU.ActiveCfg = Release|Any CPU
		{8992F599-9C00-401F-984F-1A62D936F499}.Release|Any CPU.Build.0 = Release|Any CPU
		{45273B72-2EBD-4511-A357-32EFA745705A}.Debug|Any CPU.ActiveCfg = Debug|Any CPU
		{45273B72-2EBD-4511-A357-32EFA745705A}.Debug|Any CPU.Build.0 = Debug|Any CPU
		{45273B72-2EBD-4511-A357-32EFA745705A}.Release|Any CPU.ActiveCfg = Release|Any CPU
		{45273B72-2EBD-4511-A357-32EFA745705A}.Release|Any CPU.Build.0 = Release|Any CPU
		{E12A7769-3846-4FA8-BA36-B5EE37837B9C}.Debug|Any CPU.ActiveCfg = Debug|Any CPU
		{E12A7769-3846-4FA8-BA36-B5EE37837B9C}.Debug|Any CPU.Build.0 = Debug|Any CPU
		{E12A7769-3846-4FA8-BA36-B5EE37837B9C}.Release|Any CPU.ActiveCfg = Release|Any CPU
		{E12A7769-3846-4FA8-BA36-B5EE37837B9C}.Release|Any CPU.Build.0 = Release|Any CPU
		{00667910-AC6C-4170-9827-6774B22C43F9}.Debug|Any CPU.ActiveCfg = Debug|Any CPU
		{00667910-AC6C-4170-9827-6774B22C43F9}.Debug|Any CPU.Build.0 = Debug|Any CPU
		{00667910-AC6C-4170-9827-6774B22C43F9}.Release|Any CPU.ActiveCfg = Release|Any CPU
		{00667910-AC6C-4170-9827-6774B22C43F9}.Release|Any CPU.Build.0 = Release|Any CPU
		{D2600208-FBAF-4550-8240-4C53B9E00FE0}.Debug|Any CPU.ActiveCfg = Debug|Any CPU
		{D2600208-FBAF-4550-8240-4C53B9E00FE0}.Debug|Any CPU.Build.0 = Debug|Any CPU
		{D2600208-FBAF-4550-8240-4C53B9E00FE0}.Release|Any CPU.ActiveCfg = Release|Any CPU
		{D2600208-FBAF-4550-8240-4C53B9E00FE0}.Release|Any CPU.Build.0 = Release|Any CPU
		{DB6E351E-B538-4A2C-AA64-9B51BD92940C}.Debug|Any CPU.ActiveCfg = Debug|Any CPU
		{DB6E351E-B538-4A2C-AA64-9B51BD92940C}.Debug|Any CPU.Build.0 = Debug|Any CPU
		{DB6E351E-B538-4A2C-AA64-9B51BD92940C}.Release|Any CPU.ActiveCfg = Release|Any CPU
		{DB6E351E-B538-4A2C-AA64-9B51BD92940C}.Release|Any CPU.Build.0 = Release|Any CPU
		{998525AE-A65C-4D15-B2DD-317AFFA50436}.Debug|Any CPU.ActiveCfg = Debug|Any CPU
		{998525AE-A65C-4D15-B2DD-317AFFA50436}.Debug|Any CPU.Build.0 = Debug|Any CPU
		{998525AE-A65C-4D15-B2DD-317AFFA50436}.Release|Any CPU.ActiveCfg = Release|Any CPU
		{998525AE-A65C-4D15-B2DD-317AFFA50436}.Release|Any CPU.Build.0 = Release|Any CPU
		{F128BAEF-68F2-4228-B969-7F0E713BA982}.Debug|Any CPU.ActiveCfg = Debug|Any CPU
		{F128BAEF-68F2-4228-B969-7F0E713BA982}.Debug|Any CPU.Build.0 = Debug|Any CPU
		{F128BAEF-68F2-4228-B969-7F0E713BA982}.Release|Any CPU.ActiveCfg = Release|Any CPU
		{F128BAEF-68F2-4228-B969-7F0E713BA982}.Release|Any CPU.Build.0 = Release|Any CPU
		{5EA95C95-D5A0-414E-A83A-4D50284F9C8F}.Debug|Any CPU.ActiveCfg = Debug|Any CPU
		{5EA95C95-D5A0-414E-A83A-4D50284F9C8F}.Debug|Any CPU.Build.0 = Debug|Any CPU
		{5EA95C95-D5A0-414E-A83A-4D50284F9C8F}.Release|Any CPU.ActiveCfg = Release|Any CPU
		{5EA95C95-D5A0-414E-A83A-4D50284F9C8F}.Release|Any CPU.Build.0 = Release|Any CPU
		{47F1B1A3-B0DA-4074-A636-0FAB8056877F}.Debug|Any CPU.ActiveCfg = Debug|Any CPU
		{47F1B1A3-B0DA-4074-A636-0FAB8056877F}.Debug|Any CPU.Build.0 = Debug|Any CPU
		{47F1B1A3-B0DA-4074-A636-0FAB8056877F}.Release|Any CPU.ActiveCfg = Release|Any CPU
		{47F1B1A3-B0DA-4074-A636-0FAB8056877F}.Release|Any CPU.Build.0 = Release|Any CPU
		{12BB8C73-1E31-4F5B-9D23-EB153ABDE7D6}.Debug|Any CPU.ActiveCfg = Debug|Any CPU
		{12BB8C73-1E31-4F5B-9D23-EB153ABDE7D6}.Debug|Any CPU.Build.0 = Debug|Any CPU
		{12BB8C73-1E31-4F5B-9D23-EB153ABDE7D6}.Release|Any CPU.ActiveCfg = Release|Any CPU
		{12BB8C73-1E31-4F5B-9D23-EB153ABDE7D6}.Release|Any CPU.Build.0 = Release|Any CPU
		{8924E8AA-6577-4153-A481-F54960B29D41}.Debug|Any CPU.ActiveCfg = Debug|Any CPU
		{8924E8AA-6577-4153-A481-F54960B29D41}.Debug|Any CPU.Build.0 = Debug|Any CPU
		{8924E8AA-6577-4153-A481-F54960B29D41}.Release|Any CPU.ActiveCfg = Release|Any CPU
		{8924E8AA-6577-4153-A481-F54960B29D41}.Release|Any CPU.Build.0 = Release|Any CPU
		{779E1AC5-2E10-4E1F-A267-2089247E6A97}.Debug|Any CPU.ActiveCfg = Debug|Any CPU
		{779E1AC5-2E10-4E1F-A267-2089247E6A97}.Debug|Any CPU.Build.0 = Debug|Any CPU
		{779E1AC5-2E10-4E1F-A267-2089247E6A97}.Release|Any CPU.ActiveCfg = Release|Any CPU
		{779E1AC5-2E10-4E1F-A267-2089247E6A97}.Release|Any CPU.Build.0 = Release|Any CPU
		{9C4BA66A-535F-4231-B064-5898D337FE97}.Debug|Any CPU.ActiveCfg = Debug|Any CPU
		{9C4BA66A-535F-4231-B064-5898D337FE97}.Debug|Any CPU.Build.0 = Debug|Any CPU
		{9C4BA66A-535F-4231-B064-5898D337FE97}.Release|Any CPU.ActiveCfg = Release|Any CPU
		{9C4BA66A-535F-4231-B064-5898D337FE97}.Release|Any CPU.Build.0 = Release|Any CPU
		{76C2A646-7FB4-490B-9428-187D409DC258}.Debug|Any CPU.ActiveCfg = Debug|Any CPU
		{76C2A646-7FB4-490B-9428-187D409DC258}.Debug|Any CPU.Build.0 = Debug|Any CPU
		{76C2A646-7FB4-490B-9428-187D409DC258}.Release|Any CPU.ActiveCfg = Release|Any CPU
		{76C2A646-7FB4-490B-9428-187D409DC258}.Release|Any CPU.Build.0 = Release|Any CPU
		{3B352F22-FD5D-453D-8314-7D25A902056C}.Debug|Any CPU.ActiveCfg = Debug|Any CPU
		{3B352F22-FD5D-453D-8314-7D25A902056C}.Debug|Any CPU.Build.0 = Debug|Any CPU
		{3B352F22-FD5D-453D-8314-7D25A902056C}.Release|Any CPU.ActiveCfg = Release|Any CPU
		{3B352F22-FD5D-453D-8314-7D25A902056C}.Release|Any CPU.Build.0 = Release|Any CPU
		{AE519968-3820-48A0-AC17-74BBE6157819}.Debug|Any CPU.ActiveCfg = Debug|Any CPU
		{AE519968-3820-48A0-AC17-74BBE6157819}.Debug|Any CPU.Build.0 = Debug|Any CPU
		{AE519968-3820-48A0-AC17-74BBE6157819}.Release|Any CPU.ActiveCfg = Release|Any CPU
		{AE519968-3820-48A0-AC17-74BBE6157819}.Release|Any CPU.Build.0 = Release|Any CPU
		{1AA5179C-655D-4257-A7B2-E4DE9A10977F}.Debug|Any CPU.ActiveCfg = Debug|Any CPU
		{1AA5179C-655D-4257-A7B2-E4DE9A10977F}.Debug|Any CPU.Build.0 = Debug|Any CPU
		{1AA5179C-655D-4257-A7B2-E4DE9A10977F}.Release|Any CPU.ActiveCfg = Release|Any CPU
		{1AA5179C-655D-4257-A7B2-E4DE9A10977F}.Release|Any CPU.Build.0 = Release|Any CPU
		{06112F4B-38F8-4E30-B544-8A3BA4BA0416}.Debug|Any CPU.ActiveCfg = Debug|Any CPU
		{06112F4B-38F8-4E30-B544-8A3BA4BA0416}.Debug|Any CPU.Build.0 = Debug|Any CPU
		{06112F4B-38F8-4E30-B544-8A3BA4BA0416}.Release|Any CPU.ActiveCfg = Release|Any CPU
		{06112F4B-38F8-4E30-B544-8A3BA4BA0416}.Release|Any CPU.Build.0 = Release|Any CPU
		{AA9F6AD5-F58F-4FA7-B756-EB85CDAF28CD}.Debug|Any CPU.ActiveCfg = Debug|Any CPU
		{AA9F6AD5-F58F-4FA7-B756-EB85CDAF28CD}.Debug|Any CPU.Build.0 = Debug|Any CPU
		{AA9F6AD5-F58F-4FA7-B756-EB85CDAF28CD}.Release|Any CPU.ActiveCfg = Release|Any CPU
		{AA9F6AD5-F58F-4FA7-B756-EB85CDAF28CD}.Release|Any CPU.Build.0 = Release|Any CPU
		{36B99471-6E6A-467C-BA12-BB75DD5E2B1F}.Debug|Any CPU.ActiveCfg = Debug|Any CPU
		{36B99471-6E6A-467C-BA12-BB75DD5E2B1F}.Debug|Any CPU.Build.0 = Debug|Any CPU
		{36B99471-6E6A-467C-BA12-BB75DD5E2B1F}.Release|Any CPU.ActiveCfg = Release|Any CPU
		{36B99471-6E6A-467C-BA12-BB75DD5E2B1F}.Release|Any CPU.Build.0 = Release|Any CPU
		{9847170E-D923-4A55-B705-B90C45CFEBAF}.Debug|Any CPU.ActiveCfg = Debug|Any CPU
		{9847170E-D923-4A55-B705-B90C45CFEBAF}.Debug|Any CPU.Build.0 = Debug|Any CPU
		{9847170E-D923-4A55-B705-B90C45CFEBAF}.Release|Any CPU.ActiveCfg = Release|Any CPU
		{9847170E-D923-4A55-B705-B90C45CFEBAF}.Release|Any CPU.Build.0 = Release|Any CPU
		{01325319-124B-4D22-9D23-D006902818D5}.Debug|Any CPU.ActiveCfg = Debug|Any CPU
		{01325319-124B-4D22-9D23-D006902818D5}.Debug|Any CPU.Build.0 = Debug|Any CPU
		{01325319-124B-4D22-9D23-D006902818D5}.Release|Any CPU.ActiveCfg = Release|Any CPU
		{01325319-124B-4D22-9D23-D006902818D5}.Release|Any CPU.Build.0 = Release|Any CPU
		{981BC564-0D95-4596-A9AA-7D83FC8F44C0}.Debug|Any CPU.ActiveCfg = Debug|Any CPU
		{981BC564-0D95-4596-A9AA-7D83FC8F44C0}.Debug|Any CPU.Build.0 = Debug|Any CPU
		{981BC564-0D95-4596-A9AA-7D83FC8F44C0}.Release|Any CPU.ActiveCfg = Release|Any CPU
		{981BC564-0D95-4596-A9AA-7D83FC8F44C0}.Release|Any CPU.Build.0 = Release|Any CPU
		{27B4CE49-3A00-4185-884E-3C6A1C9258D1}.Debug|Any CPU.ActiveCfg = Debug|Any CPU
		{27B4CE49-3A00-4185-884E-3C6A1C9258D1}.Debug|Any CPU.Build.0 = Debug|Any CPU
		{27B4CE49-3A00-4185-884E-3C6A1C9258D1}.Release|Any CPU.ActiveCfg = Release|Any CPU
		{27B4CE49-3A00-4185-884E-3C6A1C9258D1}.Release|Any CPU.Build.0 = Release|Any CPU
		{CB0625D5-FB3C-4DB9-95C5-24735DAE1F9F}.Debug|Any CPU.ActiveCfg = Debug|Any CPU
		{CB0625D5-FB3C-4DB9-95C5-24735DAE1F9F}.Debug|Any CPU.Build.0 = Debug|Any CPU
		{CB0625D5-FB3C-4DB9-95C5-24735DAE1F9F}.Release|Any CPU.ActiveCfg = Release|Any CPU
		{CB0625D5-FB3C-4DB9-95C5-24735DAE1F9F}.Release|Any CPU.Build.0 = Release|Any CPU
		{D9A849E2-1BC8-4B6F-AA8B-F67793210469}.Debug|Any CPU.ActiveCfg = Debug|Any CPU
		{D9A849E2-1BC8-4B6F-AA8B-F67793210469}.Debug|Any CPU.Build.0 = Debug|Any CPU
		{D9A849E2-1BC8-4B6F-AA8B-F67793210469}.Release|Any CPU.ActiveCfg = Release|Any CPU
		{D9A849E2-1BC8-4B6F-AA8B-F67793210469}.Release|Any CPU.Build.0 = Release|Any CPU
		{FF43EB33-95F4-4482-9D6F-9735ADB30A76}.Debug|Any CPU.ActiveCfg = Debug|Any CPU
		{FF43EB33-95F4-4482-9D6F-9735ADB30A76}.Debug|Any CPU.Build.0 = Debug|Any CPU
		{FF43EB33-95F4-4482-9D6F-9735ADB30A76}.Release|Any CPU.ActiveCfg = Release|Any CPU
		{FF43EB33-95F4-4482-9D6F-9735ADB30A76}.Release|Any CPU.Build.0 = Release|Any CPU
		{98C2BF80-D17C-450A-9496-DD2E387A6CF5}.Debug|Any CPU.ActiveCfg = Debug|Any CPU
		{98C2BF80-D17C-450A-9496-DD2E387A6CF5}.Debug|Any CPU.Build.0 = Debug|Any CPU
		{98C2BF80-D17C-450A-9496-DD2E387A6CF5}.Release|Any CPU.ActiveCfg = Release|Any CPU
		{98C2BF80-D17C-450A-9496-DD2E387A6CF5}.Release|Any CPU.Build.0 = Release|Any CPU
		{26E71D7E-4F96-4AFD-950E-E6236CEB5963}.Debug|Any CPU.ActiveCfg = Debug|Any CPU
		{26E71D7E-4F96-4AFD-950E-E6236CEB5963}.Debug|Any CPU.Build.0 = Debug|Any CPU
		{26E71D7E-4F96-4AFD-950E-E6236CEB5963}.Release|Any CPU.ActiveCfg = Release|Any CPU
		{26E71D7E-4F96-4AFD-950E-E6236CEB5963}.Release|Any CPU.Build.0 = Release|Any CPU
		{4F1C697A-F95E-45A1-AB45-AD01DEB00725}.Debug|Any CPU.ActiveCfg = Debug|Any CPU
		{4F1C697A-F95E-45A1-AB45-AD01DEB00725}.Debug|Any CPU.Build.0 = Debug|Any CPU
		{4F1C697A-F95E-45A1-AB45-AD01DEB00725}.Release|Any CPU.ActiveCfg = Release|Any CPU
		{4F1C697A-F95E-45A1-AB45-AD01DEB00725}.Release|Any CPU.Build.0 = Release|Any CPU
		{D0403C8B-29C8-4D2D-ACA2-D08547B3C111}.Debug|Any CPU.ActiveCfg = Debug|Any CPU
		{D0403C8B-29C8-4D2D-ACA2-D08547B3C111}.Debug|Any CPU.Build.0 = Debug|Any CPU
		{D0403C8B-29C8-4D2D-ACA2-D08547B3C111}.Release|Any CPU.ActiveCfg = Release|Any CPU
		{D0403C8B-29C8-4D2D-ACA2-D08547B3C111}.Release|Any CPU.Build.0 = Release|Any CPU
		{756314C3-4FE7-4690-ACD4-01B3E0465152}.Debug|Any CPU.ActiveCfg = Debug|Any CPU
		{756314C3-4FE7-4690-ACD4-01B3E0465152}.Debug|Any CPU.Build.0 = Debug|Any CPU
		{756314C3-4FE7-4690-ACD4-01B3E0465152}.Release|Any CPU.ActiveCfg = Release|Any CPU
		{756314C3-4FE7-4690-ACD4-01B3E0465152}.Release|Any CPU.Build.0 = Release|Any CPU
		{22FED6D2-D63D-4C95-A005-78841559C040}.Debug|Any CPU.ActiveCfg = Debug|Any CPU
		{22FED6D2-D63D-4C95-A005-78841559C040}.Debug|Any CPU.Build.0 = Debug|Any CPU
		{22FED6D2-D63D-4C95-A005-78841559C040}.Release|Any CPU.ActiveCfg = Release|Any CPU
		{22FED6D2-D63D-4C95-A005-78841559C040}.Release|Any CPU.Build.0 = Release|Any CPU
		{A49321F6-5763-4EAE-9A46-AB7ACAC8AF80}.Debug|Any CPU.ActiveCfg = Debug|Any CPU
		{A49321F6-5763-4EAE-9A46-AB7ACAC8AF80}.Debug|Any CPU.Build.0 = Debug|Any CPU
		{A49321F6-5763-4EAE-9A46-AB7ACAC8AF80}.Release|Any CPU.ActiveCfg = Release|Any CPU
		{A49321F6-5763-4EAE-9A46-AB7ACAC8AF80}.Release|Any CPU.Build.0 = Release|Any CPU
		{C18470A6-9C82-49B2-AB6F-428A672FA0BA}.Debug|Any CPU.ActiveCfg = Debug|Any CPU
		{C18470A6-9C82-49B2-AB6F-428A672FA0BA}.Debug|Any CPU.Build.0 = Debug|Any CPU
		{C18470A6-9C82-49B2-AB6F-428A672FA0BA}.Release|Any CPU.ActiveCfg = Release|Any CPU
		{C18470A6-9C82-49B2-AB6F-428A672FA0BA}.Release|Any CPU.Build.0 = Release|Any CPU
	EndGlobalSection
	GlobalSection(SolutionProperties) = preSolution
		HideSolutionNode = FALSE
	EndGlobalSection
	GlobalSection(NestedProjects) = preSolution
		{BC7E85E8-C9EB-42D8-BE82-C0D4008838BC} = {35F032B1-518A-4CE2-801F-45515F970DA1}
		{ADD7C9A3-A27A-40B4-A1B5-C249A96A355E} = {F6142A5D-7CFE-4BFB-9EF0-C16012D1BEA4}
		{D5085D2C-80B2-466B-898D-E6BA3F7B876A} = {F6142A5D-7CFE-4BFB-9EF0-C16012D1BEA4}
		{8EFC6D53-E6E9-48B1-84DC-260A6945D60A} = {F6142A5D-7CFE-4BFB-9EF0-C16012D1BEA4}
		{84FE9DE3-042A-48A9-B50E-DB8681B43D93} = {F6142A5D-7CFE-4BFB-9EF0-C16012D1BEA4}
		{56DBBA70-DD86-44C0-BA26-77A31335C11A} = {F6142A5D-7CFE-4BFB-9EF0-C16012D1BEA4}
		{B1F22480-302A-4BA9-996D-A185E3781EB1} = {F6142A5D-7CFE-4BFB-9EF0-C16012D1BEA4}
		{DA71C404-FE7D-4B16-8A92-1234EC387D0F} = {C7FB7EE8-99F4-4028-910C-ADC384760B4A}
		{F7293665-BC00-4187-9BB2-095EF5BF7B48} = {C7FB7EE8-99F4-4028-910C-ADC384760B4A}
		{685C6B04-6D71-44DB-8E1A-EC32D2B37976} = {C7FB7EE8-99F4-4028-910C-ADC384760B4A}
		{19FA1E25-58A5-4DA1-A3F4-F0F61C45B181} = {C7FB7EE8-99F4-4028-910C-ADC384760B4A}
		{3453807F-7FB6-4C96-B9AF-E11F778AAE32} = {C7FB7EE8-99F4-4028-910C-ADC384760B4A}
		{9CBDF7BA-D99F-4C51-A46B-5DD107C14CB9} = {C7FB7EE8-99F4-4028-910C-ADC384760B4A}
		{30F3656E-9790-49C9-AB78-54F3888804DD} = {F149BCC0-8A82-4F07-ABA9-4D5EBE6AB0CB}
		{25C8A4C7-4162-4964-A6D5-AF0D797FDF64} = {F149BCC0-8A82-4F07-ABA9-4D5EBE6AB0CB}
		{3B5EEA8C-FE44-471F-B7CB-9B96A25C9932} = {F149BCC0-8A82-4F07-ABA9-4D5EBE6AB0CB}
		{9E7D0F54-1E74-4259-91E9-BC8FD1CFB046} = {F149BCC0-8A82-4F07-ABA9-4D5EBE6AB0CB}
		{B20F754F-648B-473A-965E-3CFDD3C9A4E5} = {F149BCC0-8A82-4F07-ABA9-4D5EBE6AB0CB}
		{93076011-5498-4BD1-A296-9F46F18E4702} = {F149BCC0-8A82-4F07-ABA9-4D5EBE6AB0CB}
		{0D0D943C-F38F-4C7A-98F8-F9257046B473} = {F149BCC0-8A82-4F07-ABA9-4D5EBE6AB0CB}
		{8DFECFB8-7C4A-43C3-B437-32D970A35B51} = {F149BCC0-8A82-4F07-ABA9-4D5EBE6AB0CB}
		{EC5E8DE9-2E95-4B28-AC64-DEFFA57B015D} = {3A482353-E12F-49C9-A2F1-DDE3DAB54970}
		{B8B56D7A-64D5-4414-BCC8-FEB225AEA9E9} = {3A482353-E12F-49C9-A2F1-DDE3DAB54970}
		{2BDC5E49-644D-4AD7-9787-629C69654DF9} = {3A482353-E12F-49C9-A2F1-DDE3DAB54970}
		{ABF7F824-16CE-45B6-8BC3-F082BB9F78F9} = {3A482353-E12F-49C9-A2F1-DDE3DAB54970}
		{EE7B6499-7218-4D3D-BBD1-469DD5AC6E40} = {4E9B8B67-BAAE-4937-9F0F-A80589A151B7}
		{04F8D76D-30BD-41BD-8E14-7C5E310A1DD1} = {4E9B8B67-BAAE-4937-9F0F-A80589A151B7}
		{8992F599-9C00-401F-984F-1A62D936F499} = {4E9B8B67-BAAE-4937-9F0F-A80589A151B7}
		{45273B72-2EBD-4511-A357-32EFA745705A} = {4E9B8B67-BAAE-4937-9F0F-A80589A151B7}
		{E12A7769-3846-4FA8-BA36-B5EE37837B9C} = {90C3ED07-B656-4B49-B290-1C13DD1939A4}
		{00667910-AC6C-4170-9827-6774B22C43F9} = {90C3ED07-B656-4B49-B290-1C13DD1939A4}
		{D2600208-FBAF-4550-8240-4C53B9E00FE0} = {90C3ED07-B656-4B49-B290-1C13DD1939A4}
		{DB6E351E-B538-4A2C-AA64-9B51BD92940C} = {16E3DC17-5B0C-48F2-B598-2C0050551C91}
		{998525AE-A65C-4D15-B2DD-317AFFA50436} = {16E3DC17-5B0C-48F2-B598-2C0050551C91}
		{F128BAEF-68F2-4228-B969-7F0E713BA982} = {16E3DC17-5B0C-48F2-B598-2C0050551C91}
		{5EA95C95-D5A0-414E-A83A-4D50284F9C8F} = {16E3DC17-5B0C-48F2-B598-2C0050551C91}
		{47F1B1A3-B0DA-4074-A636-0FAB8056877F} = {40639A6F-EBEC-4915-B66C-402FAB42ED13}
		{12BB8C73-1E31-4F5B-9D23-EB153ABDE7D6} = {40639A6F-EBEC-4915-B66C-402FAB42ED13}
		{8924E8AA-6577-4153-A481-F54960B29D41} = {40639A6F-EBEC-4915-B66C-402FAB42ED13}
		{779E1AC5-2E10-4E1F-A267-2089247E6A97} = {40639A6F-EBEC-4915-B66C-402FAB42ED13}
		{9C4BA66A-535F-4231-B064-5898D337FE97} = {5528E063-8066-472C-9A54-B460AB4EB67A}
		{76C2A646-7FB4-490B-9428-187D409DC258} = {5528E063-8066-472C-9A54-B460AB4EB67A}
		{3B352F22-FD5D-453D-8314-7D25A902056C} = {67A2636D-5B20-43B5-A075-49FF81E5AC68}
		{AE519968-3820-48A0-AC17-74BBE6157819} = {67A2636D-5B20-43B5-A075-49FF81E5AC68}
		{1AA5179C-655D-4257-A7B2-E4DE9A10977F} = {67A2636D-5B20-43B5-A075-49FF81E5AC68}
		{06112F4B-38F8-4E30-B544-8A3BA4BA0416} = {67A2636D-5B20-43B5-A075-49FF81E5AC68}
		{AA9F6AD5-F58F-4FA7-B756-EB85CDAF28CD} = {67A2636D-5B20-43B5-A075-49FF81E5AC68}
		{36B99471-6E6A-467C-BA12-BB75DD5E2B1F} = {67A2636D-5B20-43B5-A075-49FF81E5AC68}
		{9847170E-D923-4A55-B705-B90C45CFEBAF} = {67A2636D-5B20-43B5-A075-49FF81E5AC68}
		{01325319-124B-4D22-9D23-D006902818D5} = {67A2636D-5B20-43B5-A075-49FF81E5AC68}
		{981BC564-0D95-4596-A9AA-7D83FC8F44C0} = {67A2636D-5B20-43B5-A075-49FF81E5AC68}
		{27B4CE49-3A00-4185-884E-3C6A1C9258D1} = {67A2636D-5B20-43B5-A075-49FF81E5AC68}
		{CB0625D5-FB3C-4DB9-95C5-24735DAE1F9F} = {67A2636D-5B20-43B5-A075-49FF81E5AC68}
		{D9A849E2-1BC8-4B6F-AA8B-F67793210469} = {67A2636D-5B20-43B5-A075-49FF81E5AC68}
		{FF43EB33-95F4-4482-9D6F-9735ADB30A76} = {67A2636D-5B20-43B5-A075-49FF81E5AC68}
		{98C2BF80-D17C-450A-9496-DD2E387A6CF5} = {45AD5265-8D6C-4F24-96CD-A936C9016557}
		{26E71D7E-4F96-4AFD-950E-E6236CEB5963} = {45AD5265-8D6C-4F24-96CD-A936C9016557}
		{4F1C697A-F95E-45A1-AB45-AD01DEB00725} = {45AD5265-8D6C-4F24-96CD-A936C9016557}
		{D0403C8B-29C8-4D2D-ACA2-D08547B3C111} = {45AD5265-8D6C-4F24-96CD-A936C9016557}
		{756314C3-4FE7-4690-ACD4-01B3E0465152} = {45AD5265-8D6C-4F24-96CD-A936C9016557}
		{22FED6D2-D63D-4C95-A005-78841559C040} = {45AD5265-8D6C-4F24-96CD-A936C9016557}
		{A49321F6-5763-4EAE-9A46-AB7ACAC8AF80} = {EB10DB0A-BD6E-4824-8C78-4B3C4CD77844}
		{C18470A6-9C82-49B2-AB6F-428A672FA0BA} = {8A18B346-C520-4D74-A28C-AA24FA603743}
	EndGlobalSection
EndGlobal
